// !$*UTF8*$!
{
	archiveVersion = 1;
	classes = {
	};
	objectVersion = 56;
	objects = {

/* Begin PBXBuildFile section */
		0B7BD8B92B0A4107000C146E /* AppDelegate.swift in Sources */ = {isa = PBXBuildFile; fileRef = 0B7BD8B82B0A4107000C146E /* AppDelegate.swift */; };
		0B7BD8BB2B0A4107000C146E /* SceneDelegate.swift in Sources */ = {isa = PBXBuildFile; fileRef = 0B7BD8BA2B0A4107000C146E /* SceneDelegate.swift */; };
		0B7BD8BD2B0A4107000C146E /* MainPageViewController.swift in Sources */ = {isa = PBXBuildFile; fileRef = 0B7BD8BC2B0A4107000C146E /* MainPageViewController.swift */; };
		0B7BD8C22B0A4109000C146E /* Assets.xcassets in Resources */ = {isa = PBXBuildFile; fileRef = 0B7BD8C12B0A4109000C146E /* Assets.xcassets */; };
		0B7BD8C52B0A4109000C146E /* LaunchScreen.storyboard in Resources */ = {isa = PBXBuildFile; fileRef = 0B7BD8C32B0A4109000C146E /* LaunchScreen.storyboard */; };
		0B7BD8CE2B0A4448000C146E /* MainPageTableViewCell.swift in Sources */ = {isa = PBXBuildFile; fileRef = 0B7BD8CD2B0A4448000C146E /* MainPageTableViewCell.swift */; };
		0B7BD8D42B0A488C000C146E /* MainPageViewModel.swift in Sources */ = {isa = PBXBuildFile; fileRef = 0B7BD8D32B0A488C000C146E /* MainPageViewModel.swift */; };
		0B7BD8D72B0A4BFA000C146E /* NetworkManager in Frameworks */ = {isa = PBXBuildFile; productRef = 0B7BD8D62B0A4BFA000C146E /* NetworkManager */; };
		0B7BD8D92B0A7680000C146E /* CatFactsModel.swift in Sources */ = {isa = PBXBuildFile; fileRef = 0B7BD8D82B0A7680000C146E /* CatFactsModel.swift */; };
/* End PBXBuildFile section */

/* Begin PBXFileReference section */
		0B7BD8B52B0A4107000C146E /* 26. SPM.app */ = {isa = PBXFileReference; explicitFileType = wrapper.application; includeInIndex = 0; path = "26. SPM.app"; sourceTree = BUILT_PRODUCTS_DIR; };
		0B7BD8B82B0A4107000C146E /* AppDelegate.swift */ = {isa = PBXFileReference; lastKnownFileType = sourcecode.swift; path = AppDelegate.swift; sourceTree = "<group>"; };
		0B7BD8BA2B0A4107000C146E /* SceneDelegate.swift */ = {isa = PBXFileReference; lastKnownFileType = sourcecode.swift; path = SceneDelegate.swift; sourceTree = "<group>"; };
		0B7BD8BC2B0A4107000C146E /* MainPageViewController.swift */ = {isa = PBXFileReference; lastKnownFileType = sourcecode.swift; path = MainPageViewController.swift; sourceTree = "<group>"; };
		0B7BD8C12B0A4109000C146E /* Assets.xcassets */ = {isa = PBXFileReference; lastKnownFileType = folder.assetcatalog; path = Assets.xcassets; sourceTree = "<group>"; };
		0B7BD8C42B0A4109000C146E /* Base */ = {isa = PBXFileReference; lastKnownFileType = file.storyboard; name = Base; path = Base.lproj/LaunchScreen.storyboard; sourceTree = "<group>"; };
		0B7BD8C62B0A4109000C146E /* Info.plist */ = {isa = PBXFileReference; lastKnownFileType = text.plist.xml; path = Info.plist; sourceTree = "<group>"; };
		0B7BD8CD2B0A4448000C146E /* MainPageTableViewCell.swift */ = {isa = PBXFileReference; lastKnownFileType = sourcecode.swift; path = MainPageTableViewCell.swift; sourceTree = "<group>"; };
		0B7BD8D32B0A488C000C146E /* MainPageViewModel.swift */ = {isa = PBXFileReference; lastKnownFileType = sourcecode.swift; path = MainPageViewModel.swift; sourceTree = "<group>"; };
		0B7BD8D82B0A7680000C146E /* CatFactsModel.swift */ = {isa = PBXFileReference; lastKnownFileType = sourcecode.swift; path = CatFactsModel.swift; sourceTree = "<group>"; };
/* End PBXFileReference section */

/* Begin PBXFrameworksBuildPhase section */
		0B7BD8B22B0A4107000C146E /* Frameworks */ = {
			isa = PBXFrameworksBuildPhase;
			buildActionMask = 2147483647;
			files = (
				0B7BD8D72B0A4BFA000C146E /* NetworkManager in Frameworks */,
			);
			runOnlyForDeploymentPostprocessing = 0;
		};
/* End PBXFrameworksBuildPhase section */

/* Begin PBXGroup section */
		0B7BD8AC2B0A4107000C146E = {
			isa = PBXGroup;
			children = (
				0B7BD8B72B0A4107000C146E /* 26. SPM */,
				0B7BD8B62B0A4107000C146E /* Products */,
			);
			sourceTree = "<group>";
		};
		0B7BD8B62B0A4107000C146E /* Products */ = {
			isa = PBXGroup;
			children = (
				0B7BD8B52B0A4107000C146E /* 26. SPM.app */,
			);
			name = Products;
			sourceTree = "<group>";
		};
		0B7BD8B72B0A4107000C146E /* 26. SPM */ = {
			isa = PBXGroup;
			children = (
				0B7BD8CC2B0A418F000C146E /* App */,
				0B7BD8D12B0A481D000C146E /* Models */,
				0B7BD8D02B0A4814000C146E /* Scenes */,
				0B7BD8C12B0A4109000C146E /* Assets.xcassets */,
				0B7BD8C32B0A4109000C146E /* LaunchScreen.storyboard */,
				0B7BD8C62B0A4109000C146E /* Info.plist */,
			);
			path = "26. SPM";
			sourceTree = "<group>";
		};
		0B7BD8CC2B0A418F000C146E /* App */ = {
			isa = PBXGroup;
			children = (
				0B7BD8B82B0A4107000C146E /* AppDelegate.swift */,
				0B7BD8BA2B0A4107000C146E /* SceneDelegate.swift */,
			);
			path = App;
			sourceTree = "<group>";
		};
		0B7BD8CF2B0A4807000C146E /* MainPage */ = {
			isa = PBXGroup;
			children = (
				0B7BD8D22B0A4843000C146E /* TableViewCell */,
				0B7BD8BC2B0A4107000C146E /* MainPageViewController.swift */,
				0B7BD8D32B0A488C000C146E /* MainPageViewModel.swift */,
			);
			path = MainPage;
			sourceTree = "<group>";
		};
		0B7BD8D02B0A4814000C146E /* Scenes */ = {
			isa = PBXGroup;
			children = (
				0B7BD8CF2B0A4807000C146E /* MainPage */,
			);
			path = Scenes;
			sourceTree = "<group>";
		};
		0B7BD8D12B0A481D000C146E /* Models */ = {
			isa = PBXGroup;
			children = (
				0B7BD8D82B0A7680000C146E /* CatFactsModel.swift */,
			);
			path = Models;
			sourceTree = "<group>";
		};
		0B7BD8D22B0A4843000C146E /* TableViewCell */ = {
			isa = PBXGroup;
			children = (
				0B7BD8CD2B0A4448000C146E /* MainPageTableViewCell.swift */,
			);
			path = TableViewCell;
			sourceTree = "<group>";
		};
/* End PBXGroup section */

/* Begin PBXNativeTarget section */
		0B7BD8B42B0A4107000C146E /* 26. SPM */ = {
			isa = PBXNativeTarget;
			buildConfigurationList = 0B7BD8C92B0A4109000C146E /* Build configuration list for PBXNativeTarget "26. SPM" */;
			buildPhases = (
				0B7BD8B12B0A4107000C146E /* Sources */,
				0B7BD8B22B0A4107000C146E /* Frameworks */,
				0B7BD8B32B0A4107000C146E /* Resources */,
			);
			buildRules = (
			);
			dependencies = (
			);
			name = "26. SPM";
			packageProductDependencies = (
				0B7BD8D62B0A4BFA000C146E /* NetworkManager */,
			);
			productName = "26. SPM";
			productReference = 0B7BD8B52B0A4107000C146E /* 26. SPM.app */;
			productType = "com.apple.product-type.application";
		};
/* End PBXNativeTarget section */

/* Begin PBXProject section */
		0B7BD8AD2B0A4107000C146E /* Project object */ = {
			isa = PBXProject;
			attributes = {
				BuildIndependentTargetsInParallel = 1;
				LastSwiftUpdateCheck = 1500;
				LastUpgradeCheck = 1500;
				TargetAttributes = {
					0B7BD8B42B0A4107000C146E = {
						CreatedOnToolsVersion = 15.0;
					};
				};
			};
			buildConfigurationList = 0B7BD8B02B0A4107000C146E /* Build configuration list for PBXProject "26. SPM" */;
			compatibilityVersion = "Xcode 14.0";
			developmentRegion = en;
			hasScannedForEncodings = 0;
			knownRegions = (
				en,
				Base,
			);
			mainGroup = 0B7BD8AC2B0A4107000C146E;
			packageReferences = (
				0B7BD8D52B0A4BFA000C146E /* XCRemoteSwiftPackageReference "NetworkManager" */,
			);
			productRefGroup = 0B7BD8B62B0A4107000C146E /* Products */;
			projectDirPath = "";
			projectRoot = "";
			targets = (
				0B7BD8B42B0A4107000C146E /* 26. SPM */,
			);
		};
/* End PBXProject section */

/* Begin PBXResourcesBuildPhase section */
		0B7BD8B32B0A4107000C146E /* Resources */ = {
			isa = PBXResourcesBuildPhase;
			buildActionMask = 2147483647;
			files = (
				0B7BD8C52B0A4109000C146E /* LaunchScreen.storyboard in Resources */,
				0B7BD8C22B0A4109000C146E /* Assets.xcassets in Resources */,
			);
			runOnlyForDeploymentPostprocessing = 0;
		};
/* End PBXResourcesBuildPhase section */

/* Begin PBXSourcesBuildPhase section */
		0B7BD8B12B0A4107000C146E /* Sources */ = {
			isa = PBXSourcesBuildPhase;
			buildActionMask = 2147483647;
			files = (
				0B7BD8BD2B0A4107000C146E /* MainPageViewController.swift in Sources */,
				0B7BD8CE2B0A4448000C146E /* MainPageTableViewCell.swift in Sources */,
				0B7BD8D92B0A7680000C146E /* CatFactsModel.swift in Sources */,
				0B7BD8D42B0A488C000C146E /* MainPageViewModel.swift in Sources */,
				0B7BD8B92B0A4107000C146E /* AppDelegate.swift in Sources */,
				0B7BD8BB2B0A4107000C146E /* SceneDelegate.swift in Sources */,
			);
			runOnlyForDeploymentPostprocessing = 0;
		};
/* End PBXSourcesBuildPhase section */

/* Begin PBXVariantGroup section */
		0B7BD8C32B0A4109000C146E /* LaunchScreen.storyboard */ = {
			isa = PBXVariantGroup;
			children = (
				0B7BD8C42B0A4109000C146E /* Base */,
			);
			name = LaunchScreen.storyboard;
			sourceTree = "<group>";
		};
/* End PBXVariantGroup section */

/* Begin XCBuildConfiguration section */
		0B7BD8C72B0A4109000C146E /* Debug */ = {
			isa = XCBuildConfiguration;
			buildSettings = {
				ALWAYS_SEARCH_USER_PATHS = NO;
				ASSETCATALOG_COMPILER_GENERATE_SWIFT_ASSET_SYMBOL_EXTENSIONS = YES;
				CLANG_ANALYZER_NONNULL = YES;
				CLANG_ANALYZER_NUMBER_OBJECT_CONVERSION = YES_AGGRESSIVE;
				CLANG_CXX_LANGUAGE_STANDARD = "gnu++20";
				CLANG_ENABLE_MODULES = YES;
				CLANG_ENABLE_OBJC_ARC = YES;
				CLANG_ENABLE_OBJC_WEAK = YES;
				CLANG_WARN_BLOCK_CAPTURE_AUTORELEASING = YES;
				CLANG_WARN_BOOL_CONVERSION = YES;
				CLANG_WARN_COMMA = YES;
				CLANG_WARN_CONSTANT_CONVERSION = YES;
				CLANG_WARN_DEPRECATED_OBJC_IMPLEMENTATIONS = YES;
				CLANG_WARN_DIRECT_OBJC_ISA_USAGE = YES_ERROR;
				CLANG_WARN_DOCUMENTATION_COMMENTS = YES;
				CLANG_WARN_EMPTY_BODY = YES;
				CLANG_WARN_ENUM_CONVERSION = YES;
				CLANG_WARN_INFINITE_RECURSION = YES;
				CLANG_WARN_INT_CONVERSION = YES;
				CLANG_WARN_NON_LITERAL_NULL_CONVERSION = YES;
				CLANG_WARN_OBJC_IMPLICIT_RETAIN_SELF = YES;
				CLANG_WARN_OBJC_LITERAL_CONVERSION = YES;
				CLANG_WARN_OBJC_ROOT_CLASS = YES_ERROR;
				CLANG_WARN_QUOTED_INCLUDE_IN_FRAMEWORK_HEADER = YES;
				CLANG_WARN_RANGE_LOOP_ANALYSIS = YES;
				CLANG_WARN_STRICT_PROTOTYPES = YES;
				CLANG_WARN_SUSPICIOUS_MOVE = YES;
				CLANG_WARN_UNGUARDED_AVAILABILITY = YES_AGGRESSIVE;
				CLANG_WARN_UNREACHABLE_CODE = YES;
				CLANG_WARN__DUPLICATE_METHOD_MATCH = YES;
				COPY_PHASE_STRIP = NO;
				DEBUG_INFORMATION_FORMAT = dwarf;
				ENABLE_STRICT_OBJC_MSGSEND = YES;
				ENABLE_TESTABILITY = YES;
				ENABLE_USER_SCRIPT_SANDBOXING = YES;
				GCC_C_LANGUAGE_STANDARD = gnu17;
				GCC_DYNAMIC_NO_PIC = NO;
				GCC_NO_COMMON_BLOCKS = YES;
				GCC_OPTIMIZATION_LEVEL = 0;
				GCC_PREPROCESSOR_DEFINITIONS = (
					"DEBUG=1",
					"$(inherited)",
				);
				GCC_WARN_64_TO_32_BIT_CONVERSION = YES;
				GCC_WARN_ABOUT_RETURN_TYPE = YES_ERROR;
				GCC_WARN_UNDECLARED_SELECTOR = YES;
				GCC_WARN_UNINITIALIZED_AUTOS = YES_AGGRESSIVE;
				GCC_WARN_UNUSED_FUNCTION = YES;
				GCC_WARN_UNUSED_VARIABLE = YES;
				IPHONEOS_DEPLOYMENT_TARGET = 17.0;
				LOCALIZATION_PREFERS_STRING_CATALOGS = YES;
				MTL_ENABLE_DEBUG_INFO = INCLUDE_SOURCE;
				MTL_FAST_MATH = YES;
				ONLY_ACTIVE_ARCH = YES;
				SDKROOT = iphoneos;
				SWIFT_ACTIVE_COMPILATION_CONDITIONS = "DEBUG $(inherited)";
				SWIFT_OPTIMIZATION_LEVEL = "-Onone";
			};
			name = Debug;
		};
		0B7BD8C82B0A4109000C146E /* Release */ = {
			isa = XCBuildConfiguration;
			buildSettings = {
				ALWAYS_SEARCH_USER_PATHS = NO;
				ASSETCATALOG_COMPILER_GENERATE_SWIFT_ASSET_SYMBOL_EXTENSIONS = YES;
				CLANG_ANALYZER_NONNULL = YES;
				CLANG_ANALYZER_NUMBER_OBJECT_CONVERSION = YES_AGGRESSIVE;
				CLANG_CXX_LANGUAGE_STANDARD = "gnu++20";
				CLANG_ENABLE_MODULES = YES;
				CLANG_ENABLE_OBJC_ARC = YES;
				CLANG_ENABLE_OBJC_WEAK = YES;
				CLANG_WARN_BLOCK_CAPTURE_AUTORELEASING = YES;
				CLANG_WARN_BOOL_CONVERSION = YES;
				CLANG_WARN_COMMA = YES;
				CLANG_WARN_CONSTANT_CONVERSION = YES;
				CLANG_WARN_DEPRECATED_OBJC_IMPLEMENTATIONS = YES;
				CLANG_WARN_DIRECT_OBJC_ISA_USAGE = YES_ERROR;
				CLANG_WARN_DOCUMENTATION_COMMENTS = YES;
				CLANG_WARN_EMPTY_BODY = YES;
				CLANG_WARN_ENUM_CONVERSION = YES;
				CLANG_WARN_INFINITE_RECURSION = YES;
				CLANG_WARN_INT_CONVERSION = YES;
				CLANG_WARN_NON_LITERAL_NULL_CONVERSION = YES;
				CLANG_WARN_OBJC_IMPLICIT_RETAIN_SELF = YES;
				CLANG_WARN_OBJC_LITERAL_CONVERSION = YES;
				CLANG_WARN_OBJC_ROOT_CLASS = YES_ERROR;
				CLANG_WARN_QUOTED_INCLUDE_IN_FRAMEWORK_HEADER = YES;
				CLANG_WARN_RANGE_LOOP_ANALYSIS = YES;
				CLANG_WARN_STRICT_PROTOTYPES = YES;
				CLANG_WARN_SUSPICIOUS_MOVE = YES;
				CLANG_WARN_UNGUARDED_AVAILABILITY = YES_AGGRESSIVE;
				CLANG_WARN_UNREACHABLE_CODE = YES;
				CLANG_WARN__DUPLICATE_METHOD_MATCH = YES;
				COPY_PHASE_STRIP = NO;
				DEBUG_INFORMATION_FORMAT = "dwarf-with-dsym";
				ENABLE_NS_ASSERTIONS = NO;
				ENABLE_STRICT_OBJC_MSGSEND = YES;
				ENABLE_USER_SCRIPT_SANDBOXING = YES;
				GCC_C_LANGUAGE_STANDARD = gnu17;
				GCC_NO_COMMON_BLOCKS = YES;
				GCC_WARN_64_TO_32_BIT_CONVERSION = YES;
				GCC_WARN_ABOUT_RETURN_TYPE = YES_ERROR;
				GCC_WARN_UNDECLARED_SELECTOR = YES;
				GCC_WARN_UNINITIALIZED_AUTOS = YES_AGGRESSIVE;
				GCC_WARN_UNUSED_FUNCTION = YES;
				GCC_WARN_UNUSED_VARIABLE = YES;
				IPHONEOS_DEPLOYMENT_TARGET = 17.0;
				LOCALIZATION_PREFERS_STRING_CATALOGS = YES;
				MTL_ENABLE_DEBUG_INFO = NO;
				MTL_FAST_MATH = YES;
				SDKROOT = iphoneos;
				SWIFT_COMPILATION_MODE = wholemodule;
				VALIDATE_PRODUCT = YES;
			};
			name = Release;
		};
		0B7BD8CA2B0A4109000C146E /* Debug */ = {
			isa = XCBuildConfiguration;
			buildSettings = {
				ASSETCATALOG_COMPILER_APPICON_NAME = AppIcon;
				ASSETCATALOG_COMPILER_GLOBAL_ACCENT_COLOR_NAME = AccentColor;
				CODE_SIGN_STYLE = Automatic;
				CURRENT_PROJECT_VERSION = 1;
				DEVELOPMENT_TEAM = 29X5XJV3CC;
				GENERATE_INFOPLIST_FILE = YES;
				INFOPLIST_FILE = "26. SPM/Info.plist";
				INFOPLIST_KEY_UIApplicationSupportsIndirectInputEvents = YES;
				INFOPLIST_KEY_UILaunchStoryboardName = LaunchScreen;
				INFOPLIST_KEY_UISupportedInterfaceOrientations_iPad = "UIInterfaceOrientationPortrait UIInterfaceOrientationPortraitUpsideDown UIInterfaceOrientationLandscapeLeft UIInterfaceOrientationLandscapeRight";
				INFOPLIST_KEY_UISupportedInterfaceOrientations_iPhone = "UIInterfaceOrientationPortrait UIInterfaceOrientationLandscapeLeft UIInterfaceOrientationLandscapeRight";
				LD_RUNPATH_SEARCH_PATHS = (
					"$(inherited)",
					"@executable_path/Frameworks",
				);
				MARKETING_VERSION = 1.0;
				PRODUCT_BUNDLE_IDENTIFIER = "Sesili.Tsikaridze.-6--SPM";
				PRODUCT_NAME = "$(TARGET_NAME)";
				SWIFT_EMIT_LOC_STRINGS = YES;
				SWIFT_VERSION = 5.0;
				TARGETED_DEVICE_FAMILY = "1,2";
			};
			name = Debug;
		};
		0B7BD8CB2B0A4109000C146E /* Release */ = {
			isa = XCBuildConfiguration;
			buildSettings = {
				ASSETCATALOG_COMPILER_APPICON_NAME = AppIcon;
				ASSETCATALOG_COMPILER_GLOBAL_ACCENT_COLOR_NAME = AccentColor;
				CODE_SIGN_STYLE = Automatic;
				CURRENT_PROJECT_VERSION = 1;
				DEVELOPMENT_TEAM = 29X5XJV3CC;
				GENERATE_INFOPLIST_FILE = YES;
				INFOPLIST_FILE = "26. SPM/Info.plist";
				INFOPLIST_KEY_UIApplicationSupportsIndirectInputEvents = YES;
				INFOPLIST_KEY_UILaunchStoryboardName = LaunchScreen;
				INFOPLIST_KEY_UISupportedInterfaceOrientations_iPad = "UIInterfaceOrientationPortrait UIInterfaceOrientationPortraitUpsideDown UIInterfaceOrientationLandscapeLeft UIInterfaceOrientationLandscapeRight";
				INFOPLIST_KEY_UISupportedInterfaceOrientations_iPhone = "UIInterfaceOrientationPortrait UIInterfaceOrientationLandscapeLeft UIInterfaceOrientationLandscapeRight";
				LD_RUNPATH_SEARCH_PATHS = (
					"$(inherited)",
					"@executable_path/Frameworks",
				);
				MARKETING_VERSION = 1.0;
				PRODUCT_BUNDLE_IDENTIFIER = "Sesili.Tsikaridze.-6--SPM";
				PRODUCT_NAME = "$(TARGET_NAME)";
				SWIFT_EMIT_LOC_STRINGS = YES;
				SWIFT_VERSION = 5.0;
				TARGETED_DEVICE_FAMILY = "1,2";
			};
			name = Release;
		};
/* End XCBuildConfiguration section */

/* Begin XCConfigurationList section */
		0B7BD8B02B0A4107000C146E /* Build configuration list for PBXProject "26. SPM" */ = {
			isa = XCConfigurationList;
			buildConfigurations = (
				0B7BD8C72B0A4109000C146E /* Debug */,
				0B7BD8C82B0A4109000C146E /* Release */,
			);
			defaultConfigurationIsVisible = 0;
			defaultConfigurationName = Release;
		};
		0B7BD8C92B0A4109000C146E /* Build configuration list for PBXNativeTarget "26. SPM" */ = {
			isa = XCConfigurationList;
			buildConfigurations = (
				0B7BD8CA2B0A4109000C146E /* Debug */,
				0B7BD8CB2B0A4109000C146E /* Release */,
			);
			defaultConfigurationIsVisible = 0;
			defaultConfigurationName = Release;
		};
/* End XCConfigurationList section */

/* Begin XCRemoteSwiftPackageReference section */
		0B7BD8D52B0A4BFA000C146E /* XCRemoteSwiftPackageReference "NetworkManager" */ = {
			isa = XCRemoteSwiftPackageReference;
			repositoryURL = "https://github.com/SesiliTs/NetworkManager";
			requirement = {
				branch = main;
				kind = branch;
			};
		};
/* End XCRemoteSwiftPackageReference section */

/* Begin XCSwiftPackageProductDependency section */
		0B7BD8D62B0A4BFA000C146E /* NetworkManager */ = {
			isa = XCSwiftPackageProductDependency;
			package = 0B7BD8D52B0A4BFA000C146E /* XCRemoteSwiftPackageReference "NetworkManager" */;
			productName = NetworkManager;
		};
/* End XCSwiftPackageProductDependency section */
	};
	rootObject = 0B7BD8AD2B0A4107000C146E /* Project object */;
}
