{
  "pins" : [
    {
      "identity" : "networkmanager",
      "kind" : "remoteSourceControl",
      "location" : "https://github.com/SesiliTs/NetworkManager",
      "state" : {
        "branch" : "main",
        "revision" : "ff1926a61f6eece572cd9dd08bdf86cc36231258"
      }
    }
  ],
  "version" : 2
}
